
Microsoft Visual Studio Solution File, Format Version 12.00
# Visual Studio Version 16
VisualStudioVersion = 16.0.31624.102
MinimumVisualStudioVersion = 10.0.40219.1
Project("{FAE04EC0-301F-11D3-BF4B-00C04F79EFBC}") = "TextEditor", "TextEditor\TextEditor.csproj", "{4E915DE1-7982-458B-A428-CA8A2711042A}"
EndProject
Global
	GlobalSection(SolutionConfigurationPlatforms) = preSolution
		Debug|Any CPU = Debug|Any CPU
		Release|Any CPU = Release|Any CPU
	EndGlobalSection
	GlobalSection(ProjectConfigurationPlatforms) = postSolution
		{4E915DE1-7982-458B-A428-CA8A2711042A}.Debug|Any CPU.ActiveCfg = Debug|Any CPU
		{4E915DE1-7982-458B-A428-CA8A2711042A}.Debug|Any CPU.Build.0 = Debug|Any CPU
		{4E915DE1-7982-458B-A428-CA8A2711042A}.Release|Any CPU.ActiveCfg = Release|Any CPU
		{4E915DE1-7982-458B-A428-CA8A2711042A}.Release|Any CPU.Build.0 = Release|Any CPU
	EndGlobalSection
	GlobalSection(SolutionProperties) = preSolution
		HideSolutionNode = FALSE
	EndGlobalSection
	GlobalSection(ExtensibilityGlobals) = postSolution
		SolutionGuid = {54DAEF3E-482B-425A-8C97-2783232E4A27}
	EndGlobalSection
EndGlobal
